
Microsoft Visual Studio Solution File, Format Version 12.00
# Visual Studio Version 16
VisualStudioVersion = 16.0.32002.261
MinimumVisualStudioVersion = 10.0.40219.1
Project("{9A19103F-16F7-4668-BE54-9A1E7A4F7556}") = "WpfRehber", "TuSollution\WpfRehber.csproj", "{45F4CDED-C79C-43F8-924C-199728BD6CB7}"
EndProject
Project("{FAE04EC0-301F-11D3-BF4B-00C04F79EFBC}") = "OOP", "OOP\OOP.csproj", "{567E6198-0D52-438C-BC4F-7A5E28BC9233}"
EndProject
Project("{FAE04EC0-301F-11D3-BF4B-00C04F79EFBC}") = "DataAccessLayer", "DataAccessLayer\DataAccessLayer.csproj", "{7698B7DA-8E2C-4C63-B882-9030DA13F13B}"
EndProject
Global
	GlobalSection(SolutionConfigurationPlatforms) = preSolution
		Debug|Any CPU = Debug|Any CPU
		Release|Any CPU = Release|Any CPU
	EndGlobalSection
	GlobalSection(ProjectConfigurationPlatforms) = postSolution
		{45F4CDED-C79C-43F8-924C-199728BD6CB7}.Debug|Any CPU.ActiveCfg = Debug|Any CPU
		{45F4CDED-C79C-43F8-924C-199728BD6CB7}.Debug|Any CPU.Build.0 = Debug|Any CPU
		{45F4CDED-C79C-43F8-924C-199728BD6CB7}.Release|Any CPU.ActiveCfg = Release|Any CPU
		{45F4CDED-C79C-43F8-924C-199728BD6CB7}.Release|Any CPU.Build.0 = Release|Any CPU
		{567E6198-0D52-438C-BC4F-7A5E28BC9233}.Debug|Any CPU.ActiveCfg = Debug|Any CPU
		{567E6198-0D52-438C-BC4F-7A5E28BC9233}.Debug|Any CPU.Build.0 = Debug|Any CPU
		{567E6198-0D52-438C-BC4F-7A5E28BC9233}.Release|Any CPU.ActiveCfg = Release|Any CPU
		{567E6198-0D52-438C-BC4F-7A5E28BC9233}.Release|Any CPU.Build.0 = Release|Any CPU
		{7698B7DA-8E2C-4C63-B882-9030DA13F13B}.Debug|Any CPU.ActiveCfg = Debug|Any CPU
		{7698B7DA-8E2C-4C63-B882-9030DA13F13B}.Debug|Any CPU.Build.0 = Debug|Any CPU
		{7698B7DA-8E2C-4C63-B882-9030DA13F13B}.Release|Any CPU.ActiveCfg = Release|Any CPU
		{7698B7DA-8E2C-4C63-B882-9030DA13F13B}.Release|Any CPU.Build.0 = Release|Any CPU
	EndGlobalSection
	GlobalSection(SolutionProperties) = preSolution
		HideSolutionNode = FALSE
	EndGlobalSection
	GlobalSection(ExtensibilityGlobals) = postSolution
		SolutionGuid = {E2F96BFE-0070-480D-A79B-FE4204E5DAE7}
	EndGlobalSection
EndGlobal
